
Microsoft Visual Studio Solution File, Format Version 12.00
# Visual Studio Version 17
VisualStudioVersion = 17.1.32210.238
MinimumVisualStudioVersion = 10.0.40219.1
Project("{FAE04EC0-301F-11D3-BF4B-00C04F79EFBC}") = "Class_Notes", "Class_Notes\Class_Notes.csproj", "{853B989F-2C8B-4314-8B39-A591C41C5BD4}"
EndProject
Project("{2150E333-8FDC-42A3-9474-1A3956D46DE8}") = "Solution Items", "Solution Items", "{15E5B1A4-5DCE-4B97-9B62-F20C4D2397C3}"
EndProject
Global
	GlobalSection(SolutionConfigurationPlatforms) = preSolution
		Debug|Any CPU = Debug|Any CPU
		Release|Any CPU = Release|Any CPU
	EndGlobalSection
	GlobalSection(ProjectConfigurationPlatforms) = postSolution
		{853B989F-2C8B-4314-8B39-A591C41C5BD4}.Debug|Any CPU.ActiveCfg = Debug|Any CPU
		{853B989F-2C8B-4314-8B39-A591C41C5BD4}.Debug|Any CPU.Build.0 = Debug|Any CPU
		{853B989F-2C8B-4314-8B39-A591C41C5BD4}.Release|Any CPU.ActiveCfg = Release|Any CPU
		{853B989F-2C8B-4314-8B39-A591C41C5BD4}.Release|Any CPU.Build.0 = Release|Any CPU
	EndGlobalSection
	GlobalSection(SolutionProperties) = preSolution
		HideSolutionNode = FALSE
	EndGlobalSection
	GlobalSection(ExtensibilityGlobals) = postSolution
		SolutionGuid = {EBD66CBA-DCA7-4E2A-8636-BA470C8CB800}
	EndGlobalSection
EndGlobal
