
Microsoft Visual Studio Solution File, Format Version 12.00
# Visual Studio Version 17
VisualStudioVersion = 17.9.34723.18
MinimumVisualStudioVersion = 10.0.40219.1
Project("{FAE04EC0-301F-11D3-BF4B-00C04F79EFBC}") = "PDF Tool", "PDF Tool\PDF Tool.csproj", "{D70D8641-DE37-48C2-95D8-2900448789ED}"
EndProject
Global
	GlobalSection(SolutionConfigurationPlatforms) = preSolution
		Debug|Any CPU = Debug|Any CPU
		Release|Any CPU = Release|Any CPU
	EndGlobalSection
	GlobalSection(ProjectConfigurationPlatforms) = postSolution
		{D70D8641-DE37-48C2-95D8-2900448789ED}.Debug|Any CPU.ActiveCfg = Debug|Any CPU
		{D70D8641-DE37-48C2-95D8-2900448789ED}.Debug|Any CPU.Build.0 = Debug|Any CPU
		{D70D8641-DE37-48C2-95D8-2900448789ED}.Release|Any CPU.ActiveCfg = Release|Any CPU
		{D70D8641-DE37-48C2-95D8-2900448789ED}.Release|Any CPU.Build.0 = Release|Any CPU
	EndGlobalSection
	GlobalSection(SolutionProperties) = preSolution
		HideSolutionNode = FALSE
	EndGlobalSection
	GlobalSection(ExtensibilityGlobals) = postSolution
		SolutionGuid = {E9395491-C097-41BD-8573-3D2BA267B190}
	EndGlobalSection
EndGlobal
