
Microsoft Visual Studio Solution File, Format Version 12.00
# Visual Studio Version 17
VisualStudioVersion = 17.5.33516.290
MinimumVisualStudioVersion = 10.0.40219.1
Project("{FAE04EC0-301F-11D3-BF4B-00C04F79EFBC}") = "Air3550", "Air3550\Air3550.csproj", "{FF8DF315-5B2D-4A15-B745-CD1CA2D8BD0E}"
EndProject
Global
	GlobalSection(SolutionConfigurationPlatforms) = preSolution
		Debug|Any CPU = Debug|Any CPU
		Release|Any CPU = Release|Any CPU
	EndGlobalSection
	GlobalSection(ProjectConfigurationPlatforms) = postSolution
		{FF8DF315-5B2D-4A15-B745-CD1CA2D8BD0E}.Debug|Any CPU.ActiveCfg = Debug|Any CPU
		{FF8DF315-5B2D-4A15-B745-CD1CA2D8BD0E}.Debug|Any CPU.Build.0 = Debug|Any CPU
		{FF8DF315-5B2D-4A15-B745-CD1CA2D8BD0E}.Release|Any CPU.ActiveCfg = Release|Any CPU
		{FF8DF315-5B2D-4A15-B745-CD1CA2D8BD0E}.Release|Any CPU.Build.0 = Release|Any CPU
	EndGlobalSection
	GlobalSection(SolutionProperties) = preSolution
		HideSolutionNode = FALSE
	EndGlobalSection
	GlobalSection(ExtensibilityGlobals) = postSolution
		SolutionGuid = {4648B76C-EC8C-4FCF-94A0-39592042BA53}
	EndGlobalSection
EndGlobal
