
Microsoft Visual Studio Solution File, Format Version 12.00
# Visual Studio Version 17
VisualStudioVersion = 17.1.32210.238
MinimumVisualStudioVersion = 10.0.40219.1
Project("{FAE04EC0-301F-11D3-BF4B-00C04F79EFBC}") = "CS_Methods", "CS_Methods\CS_Methods.csproj", "{0E6AB7F4-8608-41EF-A65D-EEA4DB3DF0E1}"
EndProject
Global
	GlobalSection(SolutionConfigurationPlatforms) = preSolution
		Debug|Any CPU = Debug|Any CPU
		Release|Any CPU = Release|Any CPU
	EndGlobalSection
	GlobalSection(ProjectConfigurationPlatforms) = postSolution
		{0E6AB7F4-8608-41EF-A65D-EEA4DB3DF0E1}.Debug|Any CPU.ActiveCfg = Debug|Any CPU
		{0E6AB7F4-8608-41EF-A65D-EEA4DB3DF0E1}.Debug|Any CPU.Build.0 = Debug|Any CPU
		{0E6AB7F4-8608-41EF-A65D-EEA4DB3DF0E1}.Release|Any CPU.ActiveCfg = Release|Any CPU
		{0E6AB7F4-8608-41EF-A65D-EEA4DB3DF0E1}.Release|Any CPU.Build.0 = Release|Any CPU
	EndGlobalSection
	GlobalSection(SolutionProperties) = preSolution
		HideSolutionNode = FALSE
	EndGlobalSection
	GlobalSection(ExtensibilityGlobals) = postSolution
		SolutionGuid = {EC588465-1585-4223-AB97-5FE5539B25CB}
	EndGlobalSection
EndGlobal
